
Microsoft Visual Studio Solution File, Format Version 12.00
# Visual Studio 15
VisualStudioVersion = 15.0.27130.2036
MinimumVisualStudioVersion = 10.0.40219.1
Project("{FAE04EC0-301F-11D3-BF4B-00C04F79EFBC}") = "maxbl4.RaceLogic", "maxbl4.RaceLogic\maxbl4.RaceLogic.csproj", "{02DB51C0-0C0C-48B8-BCD1-475F74635AFC}"
EndProject
Project("{FAE04EC0-301F-11D3-BF4B-00C04F79EFBC}") = "maxbl4.RaceLogic.Tests", "maxbl4.RaceLogic.Tests\maxbl4.RaceLogic.Tests.csproj", "{DF8DD94D-35F3-484C-8FEF-6A6A2A653366}"
EndProject
Global
	GlobalSection(SolutionConfigurationPlatforms) = preSolution
		Debug|Any CPU = Debug|Any CPU
		Release|Any CPU = Release|Any CPU
	EndGlobalSection
	GlobalSection(ProjectConfigurationPlatforms) = postSolution
		{02DB51C0-0C0C-48B8-BCD1-475F74635AFC}.Debug|Any CPU.ActiveCfg = Debug|Any CPU
		{02DB51C0-0C0C-48B8-BCD1-475F74635AFC}.Debug|Any CPU.Build.0 = Debug|Any CPU
		{02DB51C0-0C0C-48B8-BCD1-475F74635AFC}.Release|Any CPU.ActiveCfg = Release|Any CPU
		{02DB51C0-0C0C-48B8-BCD1-475F74635AFC}.Release|Any CPU.Build.0 = Release|Any CPU
		{DF8DD94D-35F3-484C-8FEF-6A6A2A653366}.Debug|Any CPU.ActiveCfg = Debug|Any CPU
		{DF8DD94D-35F3-484C-8FEF-6A6A2A653366}.Debug|Any CPU.Build.0 = Debug|Any CPU
		{DF8DD94D-35F3-484C-8FEF-6A6A2A653366}.Release|Any CPU.ActiveCfg = Release|Any CPU
		{DF8DD94D-35F3-484C-8FEF-6A6A2A653366}.Release|Any CPU.Build.0 = Release|Any CPU
	EndGlobalSection
	GlobalSection(SolutionProperties) = preSolution
		HideSolutionNode = FALSE
	EndGlobalSection
	GlobalSection(ExtensibilityGlobals) = postSolution
		SolutionGuid = {DC88185A-529B-4D44-82E5-181BE6657F62}
	EndGlobalSection
EndGlobal
